
Microsoft Visual Studio Solution File, Format Version 12.00
# Visual Studio Version 16
VisualStudioVersion = 16.0.30804.86
MinimumVisualStudioVersion = 10.0.40219.1
Project("{FAE04EC0-301F-11D3-BF4B-00C04F79EFBC}") = "OOP1", "OOP1\OOP1.csproj", "{6B93007C-9D57-48CD-8EEB-BEE2D2C71930}"
EndProject
Project("{FAE04EC0-301F-11D3-BF4B-00C04F79EFBC}") = "Collections", "Collections\Collections.csproj", "{F3547140-7D06-474D-BE01-FAADF9FF774F}"
EndProject
Global
	GlobalSection(SolutionConfigurationPlatforms) = preSolution
		Debug|Any CPU = Debug|Any CPU
		Release|Any CPU = Release|Any CPU
	EndGlobalSection
	GlobalSection(ProjectConfigurationPlatforms) = postSolution
		{6B93007C-9D57-48CD-8EEB-BEE2D2C71930}.Debug|Any CPU.ActiveCfg = Debug|Any CPU
		{6B93007C-9D57-48CD-8EEB-BEE2D2C71930}.Debug|Any CPU.Build.0 = Debug|Any CPU
		{6B93007C-9D57-48CD-8EEB-BEE2D2C71930}.Release|Any CPU.ActiveCfg = Release|Any CPU
		{6B93007C-9D57-48CD-8EEB-BEE2D2C71930}.Release|Any CPU.Build.0 = Release|Any CPU
		{F3547140-7D06-474D-BE01-FAADF9FF774F}.Debug|Any CPU.ActiveCfg = Debug|Any CPU
		{F3547140-7D06-474D-BE01-FAADF9FF774F}.Debug|Any CPU.Build.0 = Debug|Any CPU
		{F3547140-7D06-474D-BE01-FAADF9FF774F}.Release|Any CPU.ActiveCfg = Release|Any CPU
		{F3547140-7D06-474D-BE01-FAADF9FF774F}.Release|Any CPU.Build.0 = Release|Any CPU
	EndGlobalSection
	GlobalSection(SolutionProperties) = preSolution
		HideSolutionNode = FALSE
	EndGlobalSection
	GlobalSection(ExtensibilityGlobals) = postSolution
		SolutionGuid = {3679C08C-BB4A-4E34-AB54-8B7ACD0CA43E}
	EndGlobalSection
EndGlobal
