
Microsoft Visual Studio Solution File, Format Version 12.00
# Visual Studio Version 16
VisualStudioVersion = 16.0.31112.23
MinimumVisualStudioVersion = 10.0.40219.1
Project("{FAE04EC0-301F-11D3-BF4B-00C04F79EFBC}") = "InterfaceAbstractDemo", "InterfaceAbstractDemo\InterfaceAbstractDemo.csproj", "{FA7BDF1A-F0E8-4818-96D1-2C9A9625A972}"
EndProject
Global
	GlobalSection(SolutionConfigurationPlatforms) = preSolution
		Debug|Any CPU = Debug|Any CPU
		Release|Any CPU = Release|Any CPU
	EndGlobalSection
	GlobalSection(ProjectConfigurationPlatforms) = postSolution
		{FA7BDF1A-F0E8-4818-96D1-2C9A9625A972}.Debug|Any CPU.ActiveCfg = Debug|Any CPU
		{FA7BDF1A-F0E8-4818-96D1-2C9A9625A972}.Debug|Any CPU.Build.0 = Debug|Any CPU
		{FA7BDF1A-F0E8-4818-96D1-2C9A9625A972}.Release|Any CPU.ActiveCfg = Release|Any CPU
		{FA7BDF1A-F0E8-4818-96D1-2C9A9625A972}.Release|Any CPU.Build.0 = Release|Any CPU
	EndGlobalSection
	GlobalSection(SolutionProperties) = preSolution
		HideSolutionNode = FALSE
	EndGlobalSection
	GlobalSection(ExtensibilityGlobals) = postSolution
		SolutionGuid = {6576D2A5-FCC8-4FBB-8B14-3E79C3DBA683}
	EndGlobalSection
EndGlobal
