
Microsoft Visual Studio Solution File, Format Version 12.00
# Visual Studio Version 16
VisualStudioVersion = 16.0.30804.86
MinimumVisualStudioVersion = 10.0.40219.1
Project("{9A19103F-16F7-4668-BE54-9A1E7A4F7556}") = "KampIntro", "KampIntro\KampIntro.csproj", "{B3C138BC-30F2-4ADF-AED7-B6A3E883FE3A}"
EndProject
Project("{9A19103F-16F7-4668-BE54-9A1E7A4F7556}") = "Donguler", "Donguler\Donguler.csproj", "{FD933DBA-1D64-4843-ACD2-722F2F18AA18}"
EndProject
Project("{9A19103F-16F7-4668-BE54-9A1E7A4F7556}") = "Metotlar", "Metotlar\Metotlar.csproj", "{1F0F0FE4-3AE7-4719-9EE3-4E57619856A1}"
EndProject
Project("{FAE04EC0-301F-11D3-BF4B-00C04F79EFBC}") = "GameProject", "GameProject\GameProject.csproj", "{359DC41E-475D-4CF8-85AF-A317AFD99BCC}"
EndProject
Global
	GlobalSection(SolutionConfigurationPlatforms) = preSolution
		Debug|Any CPU = Debug|Any CPU
		Release|Any CPU = Release|Any CPU
	EndGlobalSection
	GlobalSection(ProjectConfigurationPlatforms) = postSolution
		{B3C138BC-30F2-4ADF-AED7-B6A3E883FE3A}.Debug|Any CPU.ActiveCfg = Debug|Any CPU
		{B3C138BC-30F2-4ADF-AED7-B6A3E883FE3A}.Debug|Any CPU.Build.0 = Debug|Any CPU
		{B3C138BC-30F2-4ADF-AED7-B6A3E883FE3A}.Release|Any CPU.ActiveCfg = Release|Any CPU
		{B3C138BC-30F2-4ADF-AED7-B6A3E883FE3A}.Release|Any CPU.Build.0 = Release|Any CPU
		{FD933DBA-1D64-4843-ACD2-722F2F18AA18}.Debug|Any CPU.ActiveCfg = Debug|Any CPU
		{FD933DBA-1D64-4843-ACD2-722F2F18AA18}.Debug|Any CPU.Build.0 = Debug|Any CPU
		{FD933DBA-1D64-4843-ACD2-722F2F18AA18}.Release|Any CPU.ActiveCfg = Release|Any CPU
		{FD933DBA-1D64-4843-ACD2-722F2F18AA18}.Release|Any CPU.Build.0 = Release|Any CPU
		{1F0F0FE4-3AE7-4719-9EE3-4E57619856A1}.Debug|Any CPU.ActiveCfg = Debug|Any CPU
		{1F0F0FE4-3AE7-4719-9EE3-4E57619856A1}.Debug|Any CPU.Build.0 = Debug|Any CPU
		{1F0F0FE4-3AE7-4719-9EE3-4E57619856A1}.Release|Any CPU.ActiveCfg = Release|Any CPU
		{1F0F0FE4-3AE7-4719-9EE3-4E57619856A1}.Release|Any CPU.Build.0 = Release|Any CPU
		{359DC41E-475D-4CF8-85AF-A317AFD99BCC}.Debug|Any CPU.ActiveCfg = Debug|Any CPU
		{359DC41E-475D-4CF8-85AF-A317AFD99BCC}.Debug|Any CPU.Build.0 = Debug|Any CPU
		{359DC41E-475D-4CF8-85AF-A317AFD99BCC}.Release|Any CPU.ActiveCfg = Release|Any CPU
		{359DC41E-475D-4CF8-85AF-A317AFD99BCC}.Release|Any CPU.Build.0 = Release|Any CPU
	EndGlobalSection
	GlobalSection(SolutionProperties) = preSolution
		HideSolutionNode = FALSE
	EndGlobalSection
	GlobalSection(ExtensibilityGlobals) = postSolution
		SolutionGuid = {DC84D35E-174E-46A6-8CD8-44280D39DB62}
	EndGlobalSection
EndGlobal
